
Microsoft Visual Studio Solution File, Format Version 12.00
# Visual Studio Version 17
VisualStudioVersion = 17.3.32901.215
MinimumVisualStudioVersion = 10.0.40219.1
Project("{FAE04EC0-301F-11D3-BF4B-00C04F79EFBC}") = "takım", "takım\takım.csproj", "{FEA573F5-E86F-4442-B283-E665AB5597BE}"
EndProject
Global
	GlobalSection(SolutionConfigurationPlatforms) = preSolution
		Debug|Any CPU = Debug|Any CPU
		Release|Any CPU = Release|Any CPU
	EndGlobalSection
	GlobalSection(ProjectConfigurationPlatforms) = postSolution
		{FEA573F5-E86F-4442-B283-E665AB5597BE}.Debug|Any CPU.ActiveCfg = Debug|Any CPU
		{FEA573F5-E86F-4442-B283-E665AB5597BE}.Debug|Any CPU.Build.0 = Debug|Any CPU
		{FEA573F5-E86F-4442-B283-E665AB5597BE}.Release|Any CPU.ActiveCfg = Release|Any CPU
		{FEA573F5-E86F-4442-B283-E665AB5597BE}.Release|Any CPU.Build.0 = Release|Any CPU
	EndGlobalSection
	GlobalSection(SolutionProperties) = preSolution
		HideSolutionNode = FALSE
	EndGlobalSection
	GlobalSection(ExtensibilityGlobals) = postSolution
		SolutionGuid = {B08EE9F7-2F59-4B57-9919-E0A2C819069D}
	EndGlobalSection
EndGlobal
